
Microsoft Visual Studio Solution File, Format Version 12.00
# Visual Studio 15
VisualStudioVersion = 15.0.27004.2010
MinimumVisualStudioVersion = 10.0.40219.1
Project("{9A19103F-16F7-4668-BE54-9A1E7A4F7556}") = "EMMS", "EMMS.csproj", "{B413AA9E-287D-4551-B712-E396BFD16CDB}"
EndProject
Global
	GlobalSection(SolutionConfigurationPlatforms) = preSolution
		Debug|Any CPU = Debug|Any CPU
		Release|Any CPU = Release|Any CPU
	EndGlobalSection
	GlobalSection(ProjectConfigurationPlatforms) = postSolution
		{B413AA9E-287D-4551-B712-E396BFD16CDB}.Debug|Any CPU.ActiveCfg = Debug|Any CPU
		{B413AA9E-287D-4551-B712-E396BFD16CDB}.Debug|Any CPU.Build.0 = Debug|Any CPU
		{B413AA9E-287D-4551-B712-E396BFD16CDB}.Release|Any CPU.ActiveCfg = Release|Any CPU
		{B413AA9E-287D-4551-B712-E396BFD16CDB}.Release|Any CPU.Build.0 = Release|Any CPU
	EndGlobalSection
	GlobalSection(SolutionProperties) = preSolution
		HideSolutionNode = FALSE
	EndGlobalSection
	GlobalSection(ExtensibilityGlobals) = postSolution
		SolutionGuid = {62E2AC1D-8236-481C-BCD4-578ABCC501E7}
	EndGlobalSection
EndGlobal
